
Microsoft Visual Studio Solution File, Format Version 12.00
# Visual Studio 15
VisualStudioVersion = 15.0.28010.2048
MinimumVisualStudioVersion = 10.0.40219.1
Project("{FAE04EC0-301F-11D3-BF4B-00C04F79EFBC}") = "HitBtcSharp", "HitBtcSharp\HitBtcSharp.csproj", "{0AD21A54-B9D2-41C4-87F9-60A227D58C39}"
EndProject
Global
	GlobalSection(SolutionConfigurationPlatforms) = preSolution
		Debug|Any CPU = Debug|Any CPU
		Release|Any CPU = Release|Any CPU
	EndGlobalSection
	GlobalSection(ProjectConfigurationPlatforms) = postSolution
		{0AD21A54-B9D2-41C4-87F9-60A227D58C39}.Debug|Any CPU.ActiveCfg = Debug|Any CPU
		{0AD21A54-B9D2-41C4-87F9-60A227D58C39}.Debug|Any CPU.Build.0 = Debug|Any CPU
		{0AD21A54-B9D2-41C4-87F9-60A227D58C39}.Release|Any CPU.ActiveCfg = Release|Any CPU
		{0AD21A54-B9D2-41C4-87F9-60A227D58C39}.Release|Any CPU.Build.0 = Release|Any CPU
	EndGlobalSection
	GlobalSection(SolutionProperties) = preSolution
		HideSolutionNode = FALSE
	EndGlobalSection
	GlobalSection(ExtensibilityGlobals) = postSolution
		SolutionGuid = {EDAAA265-81AD-40BC-B5E9-AA80A3E78EB6}
	EndGlobalSection
EndGlobal
